// !$*UTF8*$!
{
	archiveVersion = 1;
	classes = {
	};
	objectVersion = 48;
	objects = {

/* Begin PBXBuildFile section */
		B26EB62E20138D2A00DFD3C9 /* SDL2_mixer.framework in Frameworks */ = {isa = PBXBuildFile; fileRef = B26EB62A20138D2A00DFD3C9 /* SDL2_mixer.framework */; };
		B26EB62F20138D2A00DFD3C9 /* SDL2_ttf.framework in Frameworks */ = {isa = PBXBuildFile; fileRef = B26EB62B20138D2A00DFD3C9 /* SDL2_ttf.framework */; };
		B26EB63020138D2A00DFD3C9 /* SDL2.framework in Frameworks */ = {isa = PBXBuildFile; fileRef = B26EB62C20138D2A00DFD3C9 /* SDL2.framework */; };
		B26EB63120138D2A00DFD3C9 /* SDL2_image.framework in Frameworks */ = {isa = PBXBuildFile; fileRef = B26EB62D20138D2A00DFD3C9 /* SDL2_image.framework */; };
		B2A256942018F73500F255F3 /* Button.cpp in Sources */ = {isa = PBXBuildFile; fileRef = B2A256932018F73500F255F3 /* Button.cpp */; };
		B2CC596920140C3D006CB129 /* MathUtil.cpp in Sources */ = {isa = PBXBuildFile; fileRef = B2CC596820140C3D006CB129 /* MathUtil.cpp */; };
		B2CC596B20140CC4006CB129 /* main.cpp in Sources */ = {isa = PBXBuildFile; fileRef = B2CC596A20140CC4006CB129 /* main.cpp */; };
		B2CC596F20140FE0006CB129 /* Game.cpp in Sources */ = {isa = PBXBuildFile; fileRef = B2CC596D20140FE0006CB129 /* Game.cpp */; };
		B2CC597220141157006CB129 /* Car.cpp in Sources */ = {isa = PBXBuildFile; fileRef = B2CC597020141157006CB129 /* Car.cpp */; };
		B2CC597520141373006CB129 /* TextureManager.cpp in Sources */ = {isa = PBXBuildFile; fileRef = B2CC597320141373006CB129 /* TextureManager.cpp */; };
		B2CC597B20141FFD006CB129 /* Background.cpp in Sources */ = {isa = PBXBuildFile; fileRef = B2CC597920141FFD006CB129 /* Background.cpp */; };
		B2FFBDCF201487D0003CFB82 /* Map.cpp in Sources */ = {isa = PBXBuildFile; fileRef = B2FFBDCD201487D0003CFB82 /* Map.cpp */; };
		B2FFBDD82014AC4E003CFB82 /* Collision.cpp in Sources */ = {isa = PBXBuildFile; fileRef = B2FFBDD62014AC4E003CFB82 /* Collision.cpp */; };
/* End PBXBuildFile section */

/* Begin PBXCopyFilesBuildPhase section */
		B26EB61D20138CCD00DFD3C9 /* CopyFiles */ = {
			isa = PBXCopyFilesBuildPhase;
			buildActionMask = 2147483647;
			dstPath = /usr/share/man/man1/;
			dstSubfolderSpec = 0;
			files = (
			);
			runOnlyForDeploymentPostprocessing = 1;
		};
/* End PBXCopyFilesBuildPhase section */

/* Begin PBXFileReference section */
		B2332C02201549ED00A87926 /* winner.jpg */ = {isa = PBXFileReference; lastKnownFileType = image.jpeg; path = winner.jpg; sourceTree = "<group>"; };
		B26EB61F20138CCE00DFD3C9 /* SDL_game */ = {isa = PBXFileReference; explicitFileType = "compiled.mach-o.executable"; includeInIndex = 0; path = SDL_game; sourceTree = BUILT_PRODUCTS_DIR; };
		B26EB62A20138D2A00DFD3C9 /* SDL2_mixer.framework */ = {isa = PBXFileReference; lastKnownFileType = wrapper.framework; name = SDL2_mixer.framework; path = ../../../../../Library/Frameworks/SDL2_mixer.framework; sourceTree = "<group>"; };
		B26EB62B20138D2A00DFD3C9 /* SDL2_ttf.framework */ = {isa = PBXFileReference; lastKnownFileType = wrapper.framework; name = SDL2_ttf.framework; path = ../../../../../Library/Frameworks/SDL2_ttf.framework; sourceTree = "<group>"; };
		B26EB62C20138D2A00DFD3C9 /* SDL2.framework */ = {isa = PBXFileReference; lastKnownFileType = wrapper.framework; name = SDL2.framework; path = ../../../../../Library/Frameworks/SDL2.framework; sourceTree = "<group>"; };
		B26EB62D20138D2A00DFD3C9 /* SDL2_image.framework */ = {isa = PBXFileReference; lastKnownFileType = wrapper.framework; name = SDL2_image.framework; path = ../../../../../Library/Frameworks/SDL2_image.framework; sourceTree = "<group>"; };
		B28500C12013E40900933E0D /* car.png */ = {isa = PBXFileReference; lastKnownFileType = image.png; path = car.png; sourceTree = "<group>"; };
		B2A256922018F45F00F255F3 /* Button.h */ = {isa = PBXFileReference; lastKnownFileType = sourcecode.c.h; path = Button.h; sourceTree = "<group>"; };
		B2A256932018F73500F255F3 /* Button.cpp */ = {isa = PBXFileReference; lastKnownFileType = sourcecode.cpp.cpp; path = Button.cpp; sourceTree = "<group>"; };
		B2A25695201903A300F255F3 /* startbut.png */ = {isa = PBXFileReference; lastKnownFileType = image.png; path = startbut.png; sourceTree = "<group>"; };
		B2A256962019216200F255F3 /* quitbut.png */ = {isa = PBXFileReference; lastKnownFileType = image.png; path = quitbut.png; sourceTree = "<group>"; };
		B2A256972019256C00F255F3 /* home.jpg */ = {isa = PBXFileReference; lastKnownFileType = image.jpeg; path = home.jpg; sourceTree = "<group>"; };
		B2CC596720140C3D006CB129 /* MathUtil.hpp */ = {isa = PBXFileReference; explicitFileType = sourcecode.cpp.h; fileEncoding = 4; path = MathUtil.hpp; sourceTree = "<group>"; };
		B2CC596820140C3D006CB129 /* MathUtil.cpp */ = {isa = PBXFileReference; explicitFileType = sourcecode.cpp.cpp; fileEncoding = 4; path = MathUtil.cpp; sourceTree = "<group>"; };
		B2CC596A20140CC4006CB129 /* main.cpp */ = {isa = PBXFileReference; explicitFileType = sourcecode.cpp.cpp; fileEncoding = 4; path = main.cpp; sourceTree = "<group>"; };
		B2CC596C20140D29006CB129 /* bg.jpg */ = {isa = PBXFileReference; lastKnownFileType = image.jpeg; path = bg.jpg; sourceTree = "<group>"; };
		B2CC596D20140FE0006CB129 /* Game.cpp */ = {isa = PBXFileReference; lastKnownFileType = sourcecode.cpp.cpp; path = Game.cpp; sourceTree = "<group>"; };
		B2CC596E20140FE0006CB129 /* Game.hpp */ = {isa = PBXFileReference; lastKnownFileType = sourcecode.cpp.h; path = Game.hpp; sourceTree = "<group>"; };
		B2CC597020141157006CB129 /* Car.cpp */ = {isa = PBXFileReference; lastKnownFileType = sourcecode.cpp.cpp; path = Car.cpp; sourceTree = "<group>"; };
		B2CC597120141157006CB129 /* Car.hpp */ = {isa = PBXFileReference; lastKnownFileType = sourcecode.cpp.h; path = Car.hpp; sourceTree = "<group>"; };
		B2CC597320141373006CB129 /* TextureManager.cpp */ = {isa = PBXFileReference; lastKnownFileType = sourcecode.cpp.cpp; path = TextureManager.cpp; sourceTree = "<group>"; };
		B2CC597420141373006CB129 /* TextureManager.hpp */ = {isa = PBXFileReference; lastKnownFileType = sourcecode.cpp.h; path = TextureManager.hpp; sourceTree = "<group>"; };
		B2CC597920141FFD006CB129 /* Background.cpp */ = {isa = PBXFileReference; lastKnownFileType = sourcecode.cpp.cpp; path = Background.cpp; sourceTree = "<group>"; };
		B2CC597A20141FFD006CB129 /* Background.hpp */ = {isa = PBXFileReference; lastKnownFileType = sourcecode.cpp.h; path = Background.hpp; sourceTree = "<group>"; };
		B2FFBDCD201487D0003CFB82 /* Map.cpp */ = {isa = PBXFileReference; lastKnownFileType = sourcecode.cpp.cpp; path = Map.cpp; sourceTree = "<group>"; };
		B2FFBDCE201487D0003CFB82 /* Map.hpp */ = {isa = PBXFileReference; lastKnownFileType = sourcecode.cpp.h; path = Map.hpp; sourceTree = "<group>"; };
		B2FFBDD020148A2B003CFB82 /* wall.jpg */ = {isa = PBXFileReference; lastKnownFileType = image.jpeg; path = wall.jpg; sourceTree = "<group>"; };
		B2FFBDD120149289003CFB82 /* map.txt */ = {isa = PBXFileReference; lastKnownFileType = text; path = map.txt; sourceTree = "<group>"; };
		B2FFBDD5201495D1003CFB82 /* Global.hpp */ = {isa = PBXFileReference; explicitFileType = sourcecode.cpp.h; path = Global.hpp; sourceTree = "<group>"; };
		B2FFBDD62014AC4E003CFB82 /* Collision.cpp */ = {isa = PBXFileReference; lastKnownFileType = sourcecode.cpp.cpp; path = Collision.cpp; sourceTree = "<group>"; };
		B2FFBDD72014AC4E003CFB82 /* Collision.hpp */ = {isa = PBXFileReference; lastKnownFileType = sourcecode.cpp.h; path = Collision.hpp; sourceTree = "<group>"; };
/* End PBXFileReference section */

/* Begin PBXFrameworksBuildPhase section */
		B26EB61C20138CCD00DFD3C9 /* Frameworks */ = {
			isa = PBXFrameworksBuildPhase;
			buildActionMask = 2147483647;
			files = (
				B26EB62E20138D2A00DFD3C9 /* SDL2_mixer.framework in Frameworks */,
				B26EB62F20138D2A00DFD3C9 /* SDL2_ttf.framework in Frameworks */,
				B26EB63020138D2A00DFD3C9 /* SDL2.framework in Frameworks */,
				B26EB63120138D2A00DFD3C9 /* SDL2_image.framework in Frameworks */,
			);
			runOnlyForDeploymentPostprocessing = 0;
		};
/* End PBXFrameworksBuildPhase section */

/* Begin PBXGroup section */
		B26EB61620138CCD00DFD3C9 = {
			isa = PBXGroup;
			children = (
				B26EB62120138CCE00DFD3C9 /* SDL_game */,
				B26EB62020138CCE00DFD3C9 /* Products */,
				B26EB62920138D2A00DFD3C9 /* Frameworks */,
			);
			sourceTree = "<group>";
		};
		B26EB62020138CCE00DFD3C9 /* Products */ = {
			isa = PBXGroup;
			children = (
				B26EB61F20138CCE00DFD3C9 /* SDL_game */,
			);
			name = Products;
			sourceTree = "<group>";
		};
		B26EB62120138CCE00DFD3C9 /* SDL_game */ = {
			isa = PBXGroup;
			children = (
				B28500822013AC6F00933E0D /* src */,
				B28500812013A9B800933E0D /* assets */,
			);
			path = SDL_game;
			sourceTree = "<group>";
		};
		B26EB62920138D2A00DFD3C9 /* Frameworks */ = {
			isa = PBXGroup;
			children = (
				B26EB62D20138D2A00DFD3C9 /* SDL2_image.framework */,
				B26EB62A20138D2A00DFD3C9 /* SDL2_mixer.framework */,
				B26EB62B20138D2A00DFD3C9 /* SDL2_ttf.framework */,
				B26EB62C20138D2A00DFD3C9 /* SDL2.framework */,
			);
			name = Frameworks;
			sourceTree = "<group>";
		};
		B28500812013A9B800933E0D /* assets */ = {
			isa = PBXGroup;
			children = (
				B2A256972019256C00F255F3 /* home.jpg */,
				B2A256962019216200F255F3 /* quitbut.png */,
				B2A25695201903A300F255F3 /* startbut.png */,
				B2332C02201549ED00A87926 /* winner.jpg */,
				B2FFBDD020148A2B003CFB82 /* wall.jpg */,
				B2CC596C20140D29006CB129 /* bg.jpg */,
				B28500C12013E40900933E0D /* car.png */,
				B2FFBDD120149289003CFB82 /* map.txt */,
			);
			path = assets;
			sourceTree = "<group>";
		};
		B28500822013AC6F00933E0D /* src */ = {
			isa = PBXGroup;
			children = (
				B2CC596A20140CC4006CB129 /* main.cpp */,
				B2CC596D20140FE0006CB129 /* Game.cpp */,
				B2CC596E20140FE0006CB129 /* Game.hpp */,
				B2CC596820140C3D006CB129 /* MathUtil.cpp */,
				B2CC596720140C3D006CB129 /* MathUtil.hpp */,
				B2CC597020141157006CB129 /* Car.cpp */,
				B2CC597120141157006CB129 /* Car.hpp */,
				B2CC597320141373006CB129 /* TextureManager.cpp */,
				B2FFBDCD201487D0003CFB82 /* Map.cpp */,
				B2FFBDCE201487D0003CFB82 /* Map.hpp */,
				B2CC597420141373006CB129 /* TextureManager.hpp */,
				B2CC597920141FFD006CB129 /* Background.cpp */,
				B2CC597A20141FFD006CB129 /* Background.hpp */,
				B2FFBDD5201495D1003CFB82 /* Global.hpp */,
				B2FFBDD62014AC4E003CFB82 /* Collision.cpp */,
				B2FFBDD72014AC4E003CFB82 /* Collision.hpp */,
				B2A256922018F45F00F255F3 /* Button.h */,
				B2A256932018F73500F255F3 /* Button.cpp */,
			);
			path = src;
			sourceTree = "<group>";
		};
/* End PBXGroup section */

/* Begin PBXNativeTarget section */
		B26EB61E20138CCD00DFD3C9 /* SDL_game */ = {
			isa = PBXNativeTarget;
			buildConfigurationList = B26EB62620138CCE00DFD3C9 /* Build configuration list for PBXNativeTarget "SDL_game" */;
			buildPhases = (
				B26EB61B20138CCD00DFD3C9 /* Sources */,
				B26EB61C20138CCD00DFD3C9 /* Frameworks */,
				B26EB61D20138CCD00DFD3C9 /* CopyFiles */,
			);
			buildRules = (
			);
			dependencies = (
			);
			name = SDL_game;
			productName = SDL_game;
			productReference = B26EB61F20138CCE00DFD3C9 /* SDL_game */;
			productType = "com.apple.product-type.tool";
		};
/* End PBXNativeTarget section */

/* Begin PBXProject section */
		B26EB61720138CCD00DFD3C9 /* Project object */ = {
			isa = PBXProject;
			attributes = {
				LastUpgradeCheck = 0920;
				ORGANIZATIONNAME = "Łukasz Grabowski";
				TargetAttributes = {
					B26EB61E20138CCD00DFD3C9 = {
						CreatedOnToolsVersion = 9.2;
						ProvisioningStyle = Automatic;
					};
				};
			};
			buildConfigurationList = B26EB61A20138CCD00DFD3C9 /* Build configuration list for PBXProject "SDL_game" */;
			compatibilityVersion = "Xcode 8.0";
			developmentRegion = en;
			hasScannedForEncodings = 0;
			knownRegions = (
				en,
			);
			mainGroup = B26EB61620138CCD00DFD3C9;
			productRefGroup = B26EB62020138CCE00DFD3C9 /* Products */;
			projectDirPath = "";
			projectRoot = "";
			targets = (
				B26EB61E20138CCD00DFD3C9 /* SDL_game */,
			);
		};
/* End PBXProject section */

/* Begin PBXSourcesBuildPhase section */
		B26EB61B20138CCD00DFD3C9 /* Sources */ = {
			isa = PBXSourcesBuildPhase;
			buildActionMask = 2147483647;
			files = (
				B2A256942018F73500F255F3 /* Button.cpp in Sources */,
				B2CC596F20140FE0006CB129 /* Game.cpp in Sources */,
				B2CC596B20140CC4006CB129 /* main.cpp in Sources */,
				B2FFBDD82014AC4E003CFB82 /* Collision.cpp in Sources */,
				B2CC597220141157006CB129 /* Car.cpp in Sources */,
				B2CC597B20141FFD006CB129 /* Background.cpp in Sources */,
				B2CC596920140C3D006CB129 /* MathUtil.cpp in Sources */,
				B2FFBDCF201487D0003CFB82 /* Map.cpp in Sources */,
				B2CC597520141373006CB129 /* TextureManager.cpp in Sources */,
			);
			runOnlyForDeploymentPostprocessing = 0;
		};
/* End PBXSourcesBuildPhase section */

/* Begin XCBuildConfiguration section */
		B26EB62420138CCE00DFD3C9 /* Debug */ = {
			isa = XCBuildConfiguration;
			buildSettings = {
				ALWAYS_SEARCH_USER_PATHS = NO;
				CLANG_ANALYZER_NONNULL = YES;
				CLANG_ANALYZER_NUMBER_OBJECT_CONVERSION = YES_AGGRESSIVE;
				CLANG_CXX_LANGUAGE_STANDARD = "gnu++14";
				CLANG_CXX_LIBRARY = "libc++";
				CLANG_ENABLE_MODULES = YES;
				CLANG_ENABLE_OBJC_ARC = YES;
				CLANG_WARN_BLOCK_CAPTURE_AUTORELEASING = YES;
				CLANG_WARN_BOOL_CONVERSION = YES;
				CLANG_WARN_COMMA = YES;
				CLANG_WARN_CONSTANT_CONVERSION = YES;
				CLANG_WARN_DIRECT_OBJC_ISA_USAGE = YES_ERROR;
				CLANG_WARN_DOCUMENTATION_COMMENTS = YES;
				CLANG_WARN_EMPTY_BODY = YES;
				CLANG_WARN_ENUM_CONVERSION = YES;
				CLANG_WARN_INFINITE_RECURSION = YES;
				CLANG_WARN_INT_CONVERSION = YES;
				CLANG_WARN_NON_LITERAL_NULL_CONVERSION = YES;
				CLANG_WARN_OBJC_LITERAL_CONVERSION = YES;
				CLANG_WARN_OBJC_ROOT_CLASS = YES_ERROR;
				CLANG_WARN_RANGE_LOOP_ANALYSIS = YES;
				CLANG_WARN_STRICT_PROTOTYPES = YES;
				CLANG_WARN_SUSPICIOUS_MOVE = YES;
				CLANG_WARN_UNGUARDED_AVAILABILITY = YES_AGGRESSIVE;
				CLANG_WARN_UNREACHABLE_CODE = YES;
				CLANG_WARN__DUPLICATE_METHOD_MATCH = YES;
				CODE_SIGN_IDENTITY = "-";
				COPY_PHASE_STRIP = NO;
				DEBUG_INFORMATION_FORMAT = dwarf;
				ENABLE_STRICT_OBJC_MSGSEND = YES;
				ENABLE_TESTABILITY = YES;
				GCC_C_LANGUAGE_STANDARD = gnu11;
				GCC_DYNAMIC_NO_PIC = NO;
				GCC_NO_COMMON_BLOCKS = YES;
				GCC_OPTIMIZATION_LEVEL = 0;
				GCC_PREPROCESSOR_DEFINITIONS = (
					"DEBUG=1",
					"$(inherited)",
				);
				GCC_WARN_64_TO_32_BIT_CONVERSION = YES;
				GCC_WARN_ABOUT_RETURN_TYPE = YES_ERROR;
				GCC_WARN_UNDECLARED_SELECTOR = YES;
				GCC_WARN_UNINITIALIZED_AUTOS = YES_AGGRESSIVE;
				GCC_WARN_UNUSED_FUNCTION = YES;
				GCC_WARN_UNUSED_VARIABLE = YES;
				MACOSX_DEPLOYMENT_TARGET = 10.13;
				MTL_ENABLE_DEBUG_INFO = YES;
				ONLY_ACTIVE_ARCH = YES;
				SDKROOT = macosx;
			};
			name = Debug;
		};
		B26EB62520138CCE00DFD3C9 /* Release */ = {
			isa = XCBuildConfiguration;
			buildSettings = {
				ALWAYS_SEARCH_USER_PATHS = NO;
				CLANG_ANALYZER_NONNULL = YES;
				CLANG_ANALYZER_NUMBER_OBJECT_CONVERSION = YES_AGGRESSIVE;
				CLANG_CXX_LANGUAGE_STANDARD = "gnu++14";
				CLANG_CXX_LIBRARY = "libc++";
				CLANG_ENABLE_MODULES = YES;
				CLANG_ENABLE_OBJC_ARC = YES;
				CLANG_WARN_BLOCK_CAPTURE_AUTORELEASING = YES;
				CLANG_WARN_BOOL_CONVERSION = YES;
				CLANG_WARN_COMMA = YES;
				CLANG_WARN_CONSTANT_CONVERSION = YES;
				CLANG_WARN_DIRECT_OBJC_ISA_USAGE = YES_ERROR;
				CLANG_WARN_DOCUMENTATION_COMMENTS = YES;
				CLANG_WARN_EMPTY_BODY = YES;
				CLANG_WARN_ENUM_CONVERSION = YES;
				CLANG_WARN_INFINITE_RECURSION = YES;
				CLANG_WARN_INT_CONVERSION = YES;
				CLANG_WARN_NON_LITERAL_NULL_CONVERSION = YES;
				CLANG_WARN_OBJC_LITERAL_CONVERSION = YES;
				CLANG_WARN_OBJC_ROOT_CLASS = YES_ERROR;
				CLANG_WARN_RANGE_LOOP_ANALYSIS = YES;
				CLANG_WARN_STRICT_PROTOTYPES = YES;
				CLANG_WARN_SUSPICIOUS_MOVE = YES;
				CLANG_WARN_UNGUARDED_AVAILABILITY = YES_AGGRESSIVE;
				CLANG_WARN_UNREACHABLE_CODE = YES;
				CLANG_WARN__DUPLICATE_METHOD_MATCH = YES;
				CODE_SIGN_IDENTITY = "-";
				COPY_PHASE_STRIP = NO;
				DEBUG_INFORMATION_FORMAT = "dwarf-with-dsym";
				ENABLE_NS_ASSERTIONS = NO;
				ENABLE_STRICT_OBJC_MSGSEND = YES;
				GCC_C_LANGUAGE_STANDARD = gnu11;
				GCC_NO_COMMON_BLOCKS = YES;
				GCC_WARN_64_TO_32_BIT_CONVERSION = YES;
				GCC_WARN_ABOUT_RETURN_TYPE = YES_ERROR;
				GCC_WARN_UNDECLARED_SELECTOR = YES;
				GCC_WARN_UNINITIALIZED_AUTOS = YES_AGGRESSIVE;
				GCC_WARN_UNUSED_FUNCTION = YES;
				GCC_WARN_UNUSED_VARIABLE = YES;
				MACOSX_DEPLOYMENT_TARGET = 10.13;
				MTL_ENABLE_DEBUG_INFO = NO;
				SDKROOT = macosx;
			};
			name = Release;
		};
		B26EB62720138CCE00DFD3C9 /* Debug */ = {
			isa = XCBuildConfiguration;
			buildSettings = {
				CODE_SIGN_STYLE = Automatic;
				FRAMEWORK_SEARCH_PATHS = (
					"$(inherited)",
					"$(LOCAL_LIBRARY_DIR)/Frameworks",
				);
				PRODUCT_NAME = "$(TARGET_NAME)";
			};
			name = Debug;
		};
		B26EB62820138CCE00DFD3C9 /* Release */ = {
			isa = XCBuildConfiguration;
			buildSettings = {
				CODE_SIGN_STYLE = Automatic;
				FRAMEWORK_SEARCH_PATHS = (
					"$(inherited)",
					"$(LOCAL_LIBRARY_DIR)/Frameworks",
				);
				PRODUCT_NAME = "$(TARGET_NAME)";
			};
			name = Release;
		};
/* End XCBuildConfiguration section */

/* Begin XCConfigurationList section */
		B26EB61A20138CCD00DFD3C9 /* Build configuration list for PBXProject "SDL_game" */ = {
			isa = XCConfigurationList;
			buildConfigurations = (
				B26EB62420138CCE00DFD3C9 /* Debug */,
				B26EB62520138CCE00DFD3C9 /* Release */,
			);
			defaultConfigurationIsVisible = 0;
			defaultConfigurationName = Release;
		};
		B26EB62620138CCE00DFD3C9 /* Build configuration list for PBXNativeTarget "SDL_game" */ = {
			isa = XCConfigurationList;
			buildConfigurations = (
				B26EB62720138CCE00DFD3C9 /* Debug */,
				B26EB62820138CCE00DFD3C9 /* Release */,
			);
			defaultConfigurationIsVisible = 0;
			defaultConfigurationName = Release;
		};
/* End XCConfigurationList section */
	};
	rootObject = B26EB61720138CCD00DFD3C9 /* Project object */;
}
